
Microsoft Visual Studio Solution File, Format Version 12.00
# Visual Studio 15
VisualStudioVersion = 15.0.26304.0
MinimumVisualStudioVersion = 10.0.40219.1
Project("{FAE04EC0-301F-11D3-BF4B-00C04F79EFBC}") = "SampleWebApplication", "SampleWebApplication\SampleWebApplication.csproj", "{8729E3C5-250B-47A7-BA27-896F2C9FE278}"
EndProject
Project("{FAE04EC0-301F-11D3-BF4B-00C04F79EFBC}") = "SharedCodeSampleWebApplication", "WebApplication1\SharedCodeSampleWebApplication.csproj", "{FAABC490-681B-427B-B398-F7AE83AF1EE9}"
EndProject
Project("{FAE04EC0-301F-11D3-BF4B-00C04F79EFBC}") = "SampleWebApplicationUnitTest", "SampleWebApplicationUnitTest\SampleWebApplicationUnitTest.csproj", "{DB7CC2D1-9A97-4243-83CD-58956A5F979D}"
EndProject
Global
	GlobalSection(SolutionConfigurationPlatforms) = preSolution
		Debug|Any CPU = Debug|Any CPU
		Release|Any CPU = Release|Any CPU
	EndGlobalSection
	GlobalSection(ProjectConfigurationPlatforms) = postSolution
		{8729E3C5-250B-47A7-BA27-896F2C9FE278}.Debug|Any CPU.ActiveCfg = Debug|Any CPU
		{8729E3C5-250B-47A7-BA27-896F2C9FE278}.Debug|Any CPU.Build.0 = Debug|Any CPU
		{8729E3C5-250B-47A7-BA27-896F2C9FE278}.Release|Any CPU.ActiveCfg = Release|Any CPU
		{8729E3C5-250B-47A7-BA27-896F2C9FE278}.Release|Any CPU.Build.0 = Release|Any CPU
		{FAABC490-681B-427B-B398-F7AE83AF1EE9}.Debug|Any CPU.ActiveCfg = Debug|Any CPU
		{FAABC490-681B-427B-B398-F7AE83AF1EE9}.Debug|Any CPU.Build.0 = Debug|Any CPU
		{FAABC490-681B-427B-B398-F7AE83AF1EE9}.Release|Any CPU.ActiveCfg = Release|Any CPU
		{FAABC490-681B-427B-B398-F7AE83AF1EE9}.Release|Any CPU.Build.0 = Release|Any CPU
		{DB7CC2D1-9A97-4243-83CD-58956A5F979D}.Debug|Any CPU.ActiveCfg = Debug|Any CPU
		{DB7CC2D1-9A97-4243-83CD-58956A5F979D}.Debug|Any CPU.Build.0 = Debug|Any CPU
		{DB7CC2D1-9A97-4243-83CD-58956A5F979D}.Release|Any CPU.ActiveCfg = Release|Any CPU
		{DB7CC2D1-9A97-4243-83CD-58956A5F979D}.Release|Any CPU.Build.0 = Release|Any CPU
	EndGlobalSection
	GlobalSection(SolutionProperties) = preSolution
		HideSolutionNode = FALSE
	EndGlobalSection
EndGlobal
